
Microsoft Visual Studio Solution File, Format Version 12.00
# Visual Studio Version 17
VisualStudioVersion = 17.3.32804.467
MinimumVisualStudioVersion = 10.0.40219.1
Project("{FAE04EC0-301F-11D3-BF4B-00C04F79EFBC}") = "Bertuzzi.MAUI.EventAggregator", "Bertuzzi.MAUI.EventAggregator\Bertuzzi.MAUI.EventAggregator.csproj", "{88B0DD53-F3C6-4168-B6E2-74729226785A}"
EndProject
Project("{FAE04EC0-301F-11D3-BF4B-00C04F79EFBC}") = "MAUIEventAggregatorSample", "MAUIEventAggregatorSample\MAUIEventAggregatorSample.csproj", "{BCF0986D-0BF7-404B-ADDD-45B9ABBA4846}"
EndProject
Global
	GlobalSection(SolutionConfigurationPlatforms) = preSolution
		Debug|Any CPU = Debug|Any CPU
		Release|Any CPU = Release|Any CPU
	EndGlobalSection
	GlobalSection(ProjectConfigurationPlatforms) = postSolution
		{88B0DD53-F3C6-4168-B6E2-74729226785A}.Debug|Any CPU.ActiveCfg = Debug|Any CPU
		{88B0DD53-F3C6-4168-B6E2-74729226785A}.Debug|Any CPU.Build.0 = Debug|Any CPU
		{88B0DD53-F3C6-4168-B6E2-74729226785A}.Release|Any CPU.ActiveCfg = Release|Any CPU
		{88B0DD53-F3C6-4168-B6E2-74729226785A}.Release|Any CPU.Build.0 = Release|Any CPU
		{BCF0986D-0BF7-404B-ADDD-45B9ABBA4846}.Debug|Any CPU.ActiveCfg = Debug|Any CPU
		{BCF0986D-0BF7-404B-ADDD-45B9ABBA4846}.Debug|Any CPU.Build.0 = Debug|Any CPU
		{BCF0986D-0BF7-404B-ADDD-45B9ABBA4846}.Debug|Any CPU.Deploy.0 = Debug|Any CPU
		{BCF0986D-0BF7-404B-ADDD-45B9ABBA4846}.Release|Any CPU.ActiveCfg = Release|Any CPU
		{BCF0986D-0BF7-404B-ADDD-45B9ABBA4846}.Release|Any CPU.Build.0 = Release|Any CPU
		{BCF0986D-0BF7-404B-ADDD-45B9ABBA4846}.Release|Any CPU.Deploy.0 = Release|Any CPU
	EndGlobalSection
	GlobalSection(SolutionProperties) = preSolution
		HideSolutionNode = FALSE
	EndGlobalSection
	GlobalSection(ExtensibilityGlobals) = postSolution
		SolutionGuid = {E1EFA6E9-4D52-4F8F-BAD5-FB2C38A56345}
	EndGlobalSection
EndGlobal
